
Microsoft Visual Studio Solution File, Format Version 12.00
# Visual Studio Version 16
VisualStudioVersion = 16.0.31025.194
MinimumVisualStudioVersion = 10.0.40219.1
Project("{FAE04EC0-301F-11D3-BF4B-00C04F79EFBC}") = "ValheimTwitch", "ValheimTwitch\ValheimTwitch.csproj", "{2891130F-83A6-42DF-9B99-2B2AE3950D9D}"
EndProject
Global
	GlobalSection(SolutionConfigurationPlatforms) = preSolution
		Debug|Any CPU = Debug|Any CPU
		Release|Any CPU = Release|Any CPU
	EndGlobalSection
	GlobalSection(ProjectConfigurationPlatforms) = postSolution
		{2891130F-83A6-42DF-9B99-2B2AE3950D9D}.Debug|Any CPU.ActiveCfg = Debug|Any CPU
		{2891130F-83A6-42DF-9B99-2B2AE3950D9D}.Debug|Any CPU.Build.0 = Debug|Any CPU
		{2891130F-83A6-42DF-9B99-2B2AE3950D9D}.Release|Any CPU.ActiveCfg = Release|Any CPU
		{2891130F-83A6-42DF-9B99-2B2AE3950D9D}.Release|Any CPU.Build.0 = Release|Any CPU
	EndGlobalSection
	GlobalSection(SolutionProperties) = preSolution
		HideSolutionNode = FALSE
	EndGlobalSection
	GlobalSection(ExtensibilityGlobals) = postSolution
		SolutionGuid = {02B74060-66FC-4A76-9248-EAF30369B372}
	EndGlobalSection
EndGlobal
